
Microsoft Visual Studio Solution File, Format Version 12.00
# Visual Studio 15
VisualStudioVersion = 15.0.26206.0
MinimumVisualStudioVersion = 10.0.40219.1
Project("{9A19103F-16F7-4668-BE54-9A1E7A4F7556}") = "ProductWatcher", "src\ProductWatcher\ProductWatcher.csproj", "{5E01A9F2-7C61-4AAE-B1B6-309AAD5F0B8E}"
EndProject
Project("{2150E333-8FDC-42A3-9474-1A3956D46DE8}") = "tests", "tests", "{3AE86EC6-91D1-45F2-9670-594A283CD4AB}"
EndProject
Project("{FAE04EC0-301F-11D3-BF4B-00C04F79EFBC}") = "ProductWatcher.Tests", "tests\ProductWatcher.Tests\ProductWatcher.Tests.csproj", "{FD1406E6-E7E0-4127-8A5D-375F8EA571BD}"
EndProject
Project("{2150E333-8FDC-42A3-9474-1A3956D46DE8}") = "src", "src", "{5A8144E0-0206-42C7-9BA1-175B3F775A31}"
EndProject
Project("{FAE04EC0-301F-11D3-BF4B-00C04F79EFBC}") = "ProductWatcher.Cli", "src\ProductWatcher.Cli\ProductWatcher.Cli.csproj", "{348DBA1F-547F-4899-82D8-F51BFC6D308D}"
EndProject
Project("{FAE04EC0-301F-11D3-BF4B-00C04F79EFBC}") = "ProductWatcher.ES.Common", "src\ProductWatcher.ES.Common\ProductWatcher.ES.Common.csproj", "{906791D1-F195-4406-A504-4DD28D6CA121}"
EndProject
Project("{FAE04EC0-301F-11D3-BF4B-00C04F79EFBC}") = "ProductWatcher.SeedData", "src\ProductWatcher.SeedData\ProductWatcher.SeedData.csproj", "{731F00F2-4A1E-4842-B51F-4E2A8A791600}"
EndProject
Project("{FAE04EC0-301F-11D3-BF4B-00C04F79EFBC}") = "ProductWatcher.ES.ReadModel", "src\ProductWatcher.ES.ReadModel\ProductWatcher.ES.ReadModel.csproj", "{CC0D422F-1344-46D0-B61E-BB18E3ED23B2}"
EndProject
Project("{FAE04EC0-301F-11D3-BF4B-00C04F79EFBC}") = "ProductWatcher.ES.Domain", "src\ProductWatcher.ES.Domain\ProductWatcher.ES.Domain.csproj", "{1100A4E1-2743-49EE-9E44-718B40A487A9}"
EndProject
Project("{2150E333-8FDC-42A3-9474-1A3956D46DE8}") = "migrations", "migrations", "{2102265D-26EA-479E-9C04-A072D9C814E2}"
EndProject
Project("{FAE04EC0-301F-11D3-BF4B-00C04F79EFBC}") = "ProductWatcher.Migration", "migrations\ProductWatcher.Migration\ProductWatcher.Migration.csproj", "{2A6DAB7D-C47B-447C-9E2B-F3793F5DFA10}"
EndProject
Global
	GlobalSection(SolutionConfigurationPlatforms) = preSolution
		Debug|Any CPU = Debug|Any CPU
		Debug|x64 = Debug|x64
		Debug|x86 = Debug|x86
		Release|Any CPU = Release|Any CPU
		Release|x64 = Release|x64
		Release|x86 = Release|x86
	EndGlobalSection
	GlobalSection(ProjectConfigurationPlatforms) = postSolution
		{5E01A9F2-7C61-4AAE-B1B6-309AAD5F0B8E}.Debug|Any CPU.ActiveCfg = Debug|Any CPU
		{5E01A9F2-7C61-4AAE-B1B6-309AAD5F0B8E}.Debug|Any CPU.Build.0 = Debug|Any CPU
		{5E01A9F2-7C61-4AAE-B1B6-309AAD5F0B8E}.Debug|x64.ActiveCfg = Debug|x64
		{5E01A9F2-7C61-4AAE-B1B6-309AAD5F0B8E}.Debug|x64.Build.0 = Debug|x64
		{5E01A9F2-7C61-4AAE-B1B6-309AAD5F0B8E}.Debug|x86.ActiveCfg = Debug|x86
		{5E01A9F2-7C61-4AAE-B1B6-309AAD5F0B8E}.Debug|x86.Build.0 = Debug|x86
		{5E01A9F2-7C61-4AAE-B1B6-309AAD5F0B8E}.Release|Any CPU.ActiveCfg = Release|Any CPU
		{5E01A9F2-7C61-4AAE-B1B6-309AAD5F0B8E}.Release|Any CPU.Build.0 = Release|Any CPU
		{5E01A9F2-7C61-4AAE-B1B6-309AAD5F0B8E}.Release|x64.ActiveCfg = Release|x64
		{5E01A9F2-7C61-4AAE-B1B6-309AAD5F0B8E}.Release|x64.Build.0 = Release|x64
		{5E01A9F2-7C61-4AAE-B1B6-309AAD5F0B8E}.Release|x86.ActiveCfg = Release|x86
		{5E01A9F2-7C61-4AAE-B1B6-309AAD5F0B8E}.Release|x86.Build.0 = Release|x86
		{FD1406E6-E7E0-4127-8A5D-375F8EA571BD}.Debug|Any CPU.ActiveCfg = Debug|Any CPU
		{FD1406E6-E7E0-4127-8A5D-375F8EA571BD}.Debug|Any CPU.Build.0 = Debug|Any CPU
		{FD1406E6-E7E0-4127-8A5D-375F8EA571BD}.Debug|x64.ActiveCfg = Debug|x64
		{FD1406E6-E7E0-4127-8A5D-375F8EA571BD}.Debug|x64.Build.0 = Debug|x64
		{FD1406E6-E7E0-4127-8A5D-375F8EA571BD}.Debug|x86.ActiveCfg = Debug|x86
		{FD1406E6-E7E0-4127-8A5D-375F8EA571BD}.Debug|x86.Build.0 = Debug|x86
		{FD1406E6-E7E0-4127-8A5D-375F8EA571BD}.Release|Any CPU.ActiveCfg = Release|Any CPU
		{FD1406E6-E7E0-4127-8A5D-375F8EA571BD}.Release|Any CPU.Build.0 = Release|Any CPU
		{FD1406E6-E7E0-4127-8A5D-375F8EA571BD}.Release|x64.ActiveCfg = Release|x64
		{FD1406E6-E7E0-4127-8A5D-375F8EA571BD}.Release|x64.Build.0 = Release|x64
		{FD1406E6-E7E0-4127-8A5D-375F8EA571BD}.Release|x86.ActiveCfg = Release|x86
		{FD1406E6-E7E0-4127-8A5D-375F8EA571BD}.Release|x86.Build.0 = Release|x86
		{348DBA1F-547F-4899-82D8-F51BFC6D308D}.Debug|Any CPU.ActiveCfg = Debug|Any CPU
		{348DBA1F-547F-4899-82D8-F51BFC6D308D}.Debug|Any CPU.Build.0 = Debug|Any CPU
		{348DBA1F-547F-4899-82D8-F51BFC6D308D}.Debug|x64.ActiveCfg = Debug|x64
		{348DBA1F-547F-4899-82D8-F51BFC6D308D}.Debug|x64.Build.0 = Debug|x64
		{348DBA1F-547F-4899-82D8-F51BFC6D308D}.Debug|x86.ActiveCfg = Debug|x86
		{348DBA1F-547F-4899-82D8-F51BFC6D308D}.Debug|x86.Build.0 = Debug|x86
		{348DBA1F-547F-4899-82D8-F51BFC6D308D}.Release|Any CPU.ActiveCfg = Release|Any CPU
		{348DBA1F-547F-4899-82D8-F51BFC6D308D}.Release|Any CPU.Build.0 = Release|Any CPU
		{348DBA1F-547F-4899-82D8-F51BFC6D308D}.Release|x64.ActiveCfg = Release|x64
		{348DBA1F-547F-4899-82D8-F51BFC6D308D}.Release|x64.Build.0 = Release|x64
		{348DBA1F-547F-4899-82D8-F51BFC6D308D}.Release|x86.ActiveCfg = Release|x86
		{348DBA1F-547F-4899-82D8-F51BFC6D308D}.Release|x86.Build.0 = Release|x86
		{906791D1-F195-4406-A504-4DD28D6CA121}.Debug|Any CPU.ActiveCfg = Debug|Any CPU
		{906791D1-F195-4406-A504-4DD28D6CA121}.Debug|Any CPU.Build.0 = Debug|Any CPU
		{906791D1-F195-4406-A504-4DD28D6CA121}.Debug|x64.ActiveCfg = Debug|x64
		{906791D1-F195-4406-A504-4DD28D6CA121}.Debug|x64.Build.0 = Debug|x64
		{906791D1-F195-4406-A504-4DD28D6CA121}.Debug|x86.ActiveCfg = Debug|x86
		{906791D1-F195-4406-A504-4DD28D6CA121}.Debug|x86.Build.0 = Debug|x86
		{906791D1-F195-4406-A504-4DD28D6CA121}.Release|Any CPU.ActiveCfg = Release|Any CPU
		{906791D1-F195-4406-A504-4DD28D6CA121}.Release|Any CPU.Build.0 = Release|Any CPU
		{906791D1-F195-4406-A504-4DD28D6CA121}.Release|x64.ActiveCfg = Release|x64
		{906791D1-F195-4406-A504-4DD28D6CA121}.Release|x64.Build.0 = Release|x64
		{906791D1-F195-4406-A504-4DD28D6CA121}.Release|x86.ActiveCfg = Release|x86
		{906791D1-F195-4406-A504-4DD28D6CA121}.Release|x86.Build.0 = Release|x86
		{731F00F2-4A1E-4842-B51F-4E2A8A791600}.Debug|Any CPU.ActiveCfg = Debug|Any CPU
		{731F00F2-4A1E-4842-B51F-4E2A8A791600}.Debug|Any CPU.Build.0 = Debug|Any CPU
		{731F00F2-4A1E-4842-B51F-4E2A8A791600}.Debug|x64.ActiveCfg = Debug|x64
		{731F00F2-4A1E-4842-B51F-4E2A8A791600}.Debug|x64.Build.0 = Debug|x64
		{731F00F2-4A1E-4842-B51F-4E2A8A791600}.Debug|x86.ActiveCfg = Debug|x86
		{731F00F2-4A1E-4842-B51F-4E2A8A791600}.Debug|x86.Build.0 = Debug|x86
		{731F00F2-4A1E-4842-B51F-4E2A8A791600}.Release|Any CPU.ActiveCfg = Release|Any CPU
		{731F00F2-4A1E-4842-B51F-4E2A8A791600}.Release|Any CPU.Build.0 = Release|Any CPU
		{731F00F2-4A1E-4842-B51F-4E2A8A791600}.Release|x64.ActiveCfg = Release|x64
		{731F00F2-4A1E-4842-B51F-4E2A8A791600}.Release|x64.Build.0 = Release|x64
		{731F00F2-4A1E-4842-B51F-4E2A8A791600}.Release|x86.ActiveCfg = Release|x86
		{731F00F2-4A1E-4842-B51F-4E2A8A791600}.Release|x86.Build.0 = Release|x86
		{CC0D422F-1344-46D0-B61E-BB18E3ED23B2}.Debug|Any CPU.ActiveCfg = Debug|Any CPU
		{CC0D422F-1344-46D0-B61E-BB18E3ED23B2}.Debug|Any CPU.Build.0 = Debug|Any CPU
		{CC0D422F-1344-46D0-B61E-BB18E3ED23B2}.Debug|x64.ActiveCfg = Debug|x64
		{CC0D422F-1344-46D0-B61E-BB18E3ED23B2}.Debug|x64.Build.0 = Debug|x64
		{CC0D422F-1344-46D0-B61E-BB18E3ED23B2}.Debug|x86.ActiveCfg = Debug|x86
		{CC0D422F-1344-46D0-B61E-BB18E3ED23B2}.Debug|x86.Build.0 = Debug|x86
		{CC0D422F-1344-46D0-B61E-BB18E3ED23B2}.Release|Any CPU.ActiveCfg = Release|Any CPU
		{CC0D422F-1344-46D0-B61E-BB18E3ED23B2}.Release|Any CPU.Build.0 = Release|Any CPU
		{CC0D422F-1344-46D0-B61E-BB18E3ED23B2}.Release|x64.ActiveCfg = Release|x64
		{CC0D422F-1344-46D0-B61E-BB18E3ED23B2}.Release|x64.Build.0 = Release|x64
		{CC0D422F-1344-46D0-B61E-BB18E3ED23B2}.Release|x86.ActiveCfg = Release|x86
		{CC0D422F-1344-46D0-B61E-BB18E3ED23B2}.Release|x86.Build.0 = Release|x86
		{1100A4E1-2743-49EE-9E44-718B40A487A9}.Debug|Any CPU.ActiveCfg = Debug|Any CPU
		{1100A4E1-2743-49EE-9E44-718B40A487A9}.Debug|Any CPU.Build.0 = Debug|Any CPU
		{1100A4E1-2743-49EE-9E44-718B40A487A9}.Debug|x64.ActiveCfg = Debug|x64
		{1100A4E1-2743-49EE-9E44-718B40A487A9}.Debug|x64.Build.0 = Debug|x64
		{1100A4E1-2743-49EE-9E44-718B40A487A9}.Debug|x86.ActiveCfg = Debug|x86
		{1100A4E1-2743-49EE-9E44-718B40A487A9}.Debug|x86.Build.0 = Debug|x86
		{1100A4E1-2743-49EE-9E44-718B40A487A9}.Release|Any CPU.ActiveCfg = Release|Any CPU
		{1100A4E1-2743-49EE-9E44-718B40A487A9}.Release|Any CPU.Build.0 = Release|Any CPU
		{1100A4E1-2743-49EE-9E44-718B40A487A9}.Release|x64.ActiveCfg = Release|x64
		{1100A4E1-2743-49EE-9E44-718B40A487A9}.Release|x64.Build.0 = Release|x64
		{1100A4E1-2743-49EE-9E44-718B40A487A9}.Release|x86.ActiveCfg = Release|x86
		{1100A4E1-2743-49EE-9E44-718B40A487A9}.Release|x86.Build.0 = Release|x86
		{2A6DAB7D-C47B-447C-9E2B-F3793F5DFA10}.Debug|Any CPU.ActiveCfg = Debug|Any CPU
		{2A6DAB7D-C47B-447C-9E2B-F3793F5DFA10}.Debug|Any CPU.Build.0 = Debug|Any CPU
		{2A6DAB7D-C47B-447C-9E2B-F3793F5DFA10}.Debug|x64.ActiveCfg = Debug|x64
		{2A6DAB7D-C47B-447C-9E2B-F3793F5DFA10}.Debug|x64.Build.0 = Debug|x64
		{2A6DAB7D-C47B-447C-9E2B-F3793F5DFA10}.Debug|x86.ActiveCfg = Debug|x86
		{2A6DAB7D-C47B-447C-9E2B-F3793F5DFA10}.Debug|x86.Build.0 = Debug|x86
		{2A6DAB7D-C47B-447C-9E2B-F3793F5DFA10}.Release|Any CPU.ActiveCfg = Release|Any CPU
		{2A6DAB7D-C47B-447C-9E2B-F3793F5DFA10}.Release|Any CPU.Build.0 = Release|Any CPU
		{2A6DAB7D-C47B-447C-9E2B-F3793F5DFA10}.Release|x64.ActiveCfg = Release|x64
		{2A6DAB7D-C47B-447C-9E2B-F3793F5DFA10}.Release|x64.Build.0 = Release|x64
		{2A6DAB7D-C47B-447C-9E2B-F3793F5DFA10}.Release|x86.ActiveCfg = Release|x86
		{2A6DAB7D-C47B-447C-9E2B-F3793F5DFA10}.Release|x86.Build.0 = Release|x86
	EndGlobalSection
	GlobalSection(SolutionProperties) = preSolution
		HideSolutionNode = FALSE
	EndGlobalSection
	GlobalSection(NestedProjects) = preSolution
		{FD1406E6-E7E0-4127-8A5D-375F8EA571BD} = {3AE86EC6-91D1-45F2-9670-594A283CD4AB}
		{348DBA1F-547F-4899-82D8-F51BFC6D308D} = {5A8144E0-0206-42C7-9BA1-175B3F775A31}
		{906791D1-F195-4406-A504-4DD28D6CA121} = {5A8144E0-0206-42C7-9BA1-175B3F775A31}
		{731F00F2-4A1E-4842-B51F-4E2A8A791600} = {5A8144E0-0206-42C7-9BA1-175B3F775A31}
		{CC0D422F-1344-46D0-B61E-BB18E3ED23B2} = {5A8144E0-0206-42C7-9BA1-175B3F775A31}
		{1100A4E1-2743-49EE-9E44-718B40A487A9} = {5A8144E0-0206-42C7-9BA1-175B3F775A31}
		{2A6DAB7D-C47B-447C-9E2B-F3793F5DFA10} = {2102265D-26EA-479E-9C04-A072D9C814E2}
	EndGlobalSection
EndGlobal
